// !$*UTF8*$!
{
	archiveVersion = 1;
	classes = {
	};
	objectVersion = 46;
	objects = {

/* Begin PBXBuildFile section */
		6F81623D1E9732F10084B9A4 /* AppDelegate.swift in Sources */ = {isa = PBXBuildFile; fileRef = 6F81623C1E9732F10084B9A4 /* AppDelegate.swift */; };
		6F81623F1E9732F10084B9A4 /* ViewController.swift in Sources */ = {isa = PBXBuildFile; fileRef = 6F81623E1E9732F10084B9A4 /* ViewController.swift */; };
		6F8162421E9732F10084B9A4 /* Main.storyboard in Resources */ = {isa = PBXBuildFile; fileRef = 6F8162401E9732F10084B9A4 /* Main.storyboard */; };
		6F8162451E9732F10084B9A4 /* BLEMiblueTooth.xcdatamodeld in Sources */ = {isa = PBXBuildFile; fileRef = 6F8162431E9732F10084B9A4 /* BLEMiblueTooth.xcdatamodeld */; };
		6F8162471E9732F10084B9A4 /* Assets.xcassets in Resources */ = {isa = PBXBuildFile; fileRef = 6F8162461E9732F10084B9A4 /* Assets.xcassets */; };
		6F81624A1E9732F10084B9A4 /* LaunchScreen.storyboard in Resources */ = {isa = PBXBuildFile; fileRef = 6F8162481E9732F10084B9A4 /* LaunchScreen.storyboard */; };
		6F8162551E9732F10084B9A4 /* BLEMiblueToothTests.swift in Sources */ = {isa = PBXBuildFile; fileRef = 6F8162541E9732F10084B9A4 /* BLEMiblueToothTests.swift */; };
		6F8162601E9732F10084B9A4 /* BLEMiblueToothUITests.swift in Sources */ = {isa = PBXBuildFile; fileRef = 6F81625F1E9732F10084B9A4 /* BLEMiblueToothUITests.swift */; };
		6F81626F1E9733F50084B9A4 /* CoreBluetooth.framework in Frameworks */ = {isa = PBXBuildFile; fileRef = 6F81626E1E9733F50084B9A4 /* CoreBluetooth.framework */; };
/* End PBXBuildFile section */

/* Begin PBXContainerItemProxy section */
		6F8162511E9732F10084B9A4 /* PBXContainerItemProxy */ = {
			isa = PBXContainerItemProxy;
			containerPortal = 6F8162311E9732F00084B9A4 /* Project object */;
			proxyType = 1;
			remoteGlobalIDString = 6F8162381E9732F10084B9A4;
			remoteInfo = BLEMiblueTooth;
		};
		6F81625C1E9732F10084B9A4 /* PBXContainerItemProxy */ = {
			isa = PBXContainerItemProxy;
			containerPortal = 6F8162311E9732F00084B9A4 /* Project object */;
			proxyType = 1;
			remoteGlobalIDString = 6F8162381E9732F10084B9A4;
			remoteInfo = BLEMiblueTooth;
		};
/* End PBXContainerItemProxy section */

/* Begin PBXFileReference section */
		6F8162391E9732F10084B9A4 /* BLEMiblueTooth.app */ = {isa = PBXFileReference; explicitFileType = wrapper.application; includeInIndex = 0; path = BLEMiblueTooth.app; sourceTree = BUILT_PRODUCTS_DIR; };
		6F81623C1E9732F10084B9A4 /* AppDelegate.swift */ = {isa = PBXFileReference; lastKnownFileType = sourcecode.swift; path = AppDelegate.swift; sourceTree = "<group>"; };
		6F81623E1E9732F10084B9A4 /* ViewController.swift */ = {isa = PBXFileReference; lastKnownFileType = sourcecode.swift; path = ViewController.swift; sourceTree = "<group>"; };
		6F8162411E9732F10084B9A4 /* Base */ = {isa = PBXFileReference; lastKnownFileType = file.storyboard; name = Base; path = Base.lproj/Main.storyboard; sourceTree = "<group>"; };
		6F8162441E9732F10084B9A4 /* BLEMiblueTooth.xcdatamodel */ = {isa = PBXFileReference; lastKnownFileType = wrapper.xcdatamodel; path = BLEMiblueTooth.xcdatamodel; sourceTree = "<group>"; };
		6F8162461E9732F10084B9A4 /* Assets.xcassets */ = {isa = PBXFileReference; lastKnownFileType = folder.assetcatalog; path = Assets.xcassets; sourceTree = "<group>"; };
		6F8162491E9732F10084B9A4 /* Base */ = {isa = PBXFileReference; lastKnownFileType = file.storyboard; name = Base; path = Base.lproj/LaunchScreen.storyboard; sourceTree = "<group>"; };
		6F81624B1E9732F10084B9A4 /* Info.plist */ = {isa = PBXFileReference; lastKnownFileType = text.plist.xml; path = Info.plist; sourceTree = "<group>"; };
		6F8162501E9732F10084B9A4 /* BLEMiblueToothTests.xctest */ = {isa = PBXFileReference; explicitFileType = wrapper.cfbundle; includeInIndex = 0; path = BLEMiblueToothTests.xctest; sourceTree = BUILT_PRODUCTS_DIR; };
		6F8162541E9732F10084B9A4 /* BLEMiblueToothTests.swift */ = {isa = PBXFileReference; lastKnownFileType = sourcecode.swift; path = BLEMiblueToothTests.swift; sourceTree = "<group>"; };
		6F8162561E9732F10084B9A4 /* Info.plist */ = {isa = PBXFileReference; lastKnownFileType = text.plist.xml; path = Info.plist; sourceTree = "<group>"; };
		6F81625B1E9732F10084B9A4 /* BLEMiblueToothUITests.xctest */ = {isa = PBXFileReference; explicitFileType = wrapper.cfbundle; includeInIndex = 0; path = BLEMiblueToothUITests.xctest; sourceTree = BUILT_PRODUCTS_DIR; };
		6F81625F1E9732F10084B9A4 /* BLEMiblueToothUITests.swift */ = {isa = PBXFileReference; lastKnownFileType = sourcecode.swift; path = BLEMiblueToothUITests.swift; sourceTree = "<group>"; };
		6F8162611E9732F10084B9A4 /* Info.plist */ = {isa = PBXFileReference; lastKnownFileType = text.plist.xml; path = Info.plist; sourceTree = "<group>"; };
		6F81626E1E9733F50084B9A4 /* CoreBluetooth.framework */ = {isa = PBXFileReference; lastKnownFileType = wrapper.framework; name = CoreBluetooth.framework; path = System/Library/Frameworks/CoreBluetooth.framework; sourceTree = SDKROOT; };
/* End PBXFileReference section */

/* Begin PBXFrameworksBuildPhase section */
		6F8162361E9732F10084B9A4 /* Frameworks */ = {
			isa = PBXFrameworksBuildPhase;
			buildActionMask = 2147483647;
			files = (
				6F81626F1E9733F50084B9A4 /* CoreBluetooth.framework in Frameworks */,
			);
			runOnlyForDeploymentPostprocessing = 0;
		};
		6F81624D1E9732F10084B9A4 /* Frameworks */ = {
			isa = PBXFrameworksBuildPhase;
			buildActionMask = 2147483647;
			files = (
			);
			runOnlyForDeploymentPostprocessing = 0;
		};
		6F8162581E9732F10084B9A4 /* Frameworks */ = {
			isa = PBXFrameworksBuildPhase;
			buildActionMask = 2147483647;
			files = (
			);
			runOnlyForDeploymentPostprocessing = 0;
		};
/* End PBXFrameworksBuildPhase section */

/* Begin PBXGroup section */
		6F8162301E9732F00084B9A4 = {
			isa = PBXGroup;
			children = (
				6F81623B1E9732F10084B9A4 /* BLEMiblueTooth */,
				6F8162531E9732F10084B9A4 /* BLEMiblueToothTests */,
				6F81625E1E9732F10084B9A4 /* BLEMiblueToothUITests */,
				6F81623A1E9732F10084B9A4 /* Products */,
				6F81626D1E9733F50084B9A4 /* Frameworks */,
			);
			sourceTree = "<group>";
		};
		6F81623A1E9732F10084B9A4 /* Products */ = {
			isa = PBXGroup;
			children = (
				6F8162391E9732F10084B9A4 /* BLEMiblueTooth.app */,
				6F8162501E9732F10084B9A4 /* BLEMiblueToothTests.xctest */,
				6F81625B1E9732F10084B9A4 /* BLEMiblueToothUITests.xctest */,
			);
			name = Products;
			sourceTree = "<group>";
		};
		6F81623B1E9732F10084B9A4 /* BLEMiblueTooth */ = {
			isa = PBXGroup;
			children = (
				6F81623C1E9732F10084B9A4 /* AppDelegate.swift */,
				6F81623E1E9732F10084B9A4 /* ViewController.swift */,
				6F8162401E9732F10084B9A4 /* Main.storyboard */,
				6F8162461E9732F10084B9A4 /* Assets.xcassets */,
				6F8162481E9732F10084B9A4 /* LaunchScreen.storyboard */,
				6F81624B1E9732F10084B9A4 /* Info.plist */,
				6F8162431E9732F10084B9A4 /* BLEMiblueTooth.xcdatamodeld */,
			);
			path = BLEMiblueTooth;
			sourceTree = "<group>";
		};
		6F8162531E9732F10084B9A4 /* BLEMiblueToothTests */ = {
			isa = PBXGroup;
			children = (
				6F8162541E9732F10084B9A4 /* BLEMiblueToothTests.swift */,
				6F8162561E9732F10084B9A4 /* Info.plist */,
			);
			path = BLEMiblueToothTests;
			sourceTree = "<group>";
		};
		6F81625E1E9732F10084B9A4 /* BLEMiblueToothUITests */ = {
			isa = PBXGroup;
			children = (
				6F81625F1E9732F10084B9A4 /* BLEMiblueToothUITests.swift */,
				6F8162611E9732F10084B9A4 /* Info.plist */,
			);
			path = BLEMiblueToothUITests;
			sourceTree = "<group>";
		};
		6F81626D1E9733F50084B9A4 /* Frameworks */ = {
			isa = PBXGroup;
			children = (
				6F81626E1E9733F50084B9A4 /* CoreBluetooth.framework */,
			);
			name = Frameworks;
			sourceTree = "<group>";
		};
/* End PBXGroup section */

/* Begin PBXNativeTarget section */
		6F8162381E9732F10084B9A4 /* BLEMiblueTooth */ = {
			isa = PBXNativeTarget;
			buildConfigurationList = 6F8162641E9732F10084B9A4 /* Build configuration list for PBXNativeTarget "BLEMiblueTooth" */;
			buildPhases = (
				6F8162351E9732F10084B9A4 /* Sources */,
				6F8162361E9732F10084B9A4 /* Frameworks */,
				6F8162371E9732F10084B9A4 /* Resources */,
			);
			buildRules = (
			);
			dependencies = (
			);
			name = BLEMiblueTooth;
			productName = BLEMiblueTooth;
			productReference = 6F8162391E9732F10084B9A4 /* BLEMiblueTooth.app */;
			productType = "com.apple.product-type.application";
		};
		6F81624F1E9732F10084B9A4 /* BLEMiblueToothTests */ = {
			isa = PBXNativeTarget;
			buildConfigurationList = 6F8162671E9732F10084B9A4 /* Build configuration list for PBXNativeTarget "BLEMiblueToothTests" */;
			buildPhases = (
				6F81624C1E9732F10084B9A4 /* Sources */,
				6F81624D1E9732F10084B9A4 /* Frameworks */,
				6F81624E1E9732F10084B9A4 /* Resources */,
			);
			buildRules = (
			);
			dependencies = (
				6F8162521E9732F10084B9A4 /* PBXTargetDependency */,
			);
			name = BLEMiblueToothTests;
			productName = BLEMiblueToothTests;
			productReference = 6F8162501E9732F10084B9A4 /* BLEMiblueToothTests.xctest */;
			productType = "com.apple.product-type.bundle.unit-test";
		};
		6F81625A1E9732F10084B9A4 /* BLEMiblueToothUITests */ = {
			isa = PBXNativeTarget;
			buildConfigurationList = 6F81626A1E9732F10084B9A4 /* Build configuration list for PBXNativeTarget "BLEMiblueToothUITests" */;
			buildPhases = (
				6F8162571E9732F10084B9A4 /* Sources */,
				6F8162581E9732F10084B9A4 /* Frameworks */,
				6F8162591E9732F10084B9A4 /* Resources */,
			);
			buildRules = (
			);
			dependencies = (
				6F81625D1E9732F10084B9A4 /* PBXTargetDependency */,
			);
			name = BLEMiblueToothUITests;
			productName = BLEMiblueToothUITests;
			productReference = 6F81625B1E9732F10084B9A4 /* BLEMiblueToothUITests.xctest */;
			productType = "com.apple.product-type.bundle.ui-testing";
		};
/* End PBXNativeTarget section */

/* Begin PBXProject section */
		6F8162311E9732F00084B9A4 /* Project object */ = {
			isa = PBXProject;
			attributes = {
				LastSwiftUpdateCheck = 0820;
				LastUpgradeCheck = 0820;
				ORGANIZATIONNAME = MJBaby;
				TargetAttributes = {
					6F8162381E9732F10084B9A4 = {
						CreatedOnToolsVersion = 8.2.1;
						DevelopmentTeam = X69H552D76;
						ProvisioningStyle = Automatic;
					};
					6F81624F1E9732F10084B9A4 = {
						CreatedOnToolsVersion = 8.2.1;
						ProvisioningStyle = Automatic;
						TestTargetID = 6F8162381E9732F10084B9A4;
					};
					6F81625A1E9732F10084B9A4 = {
						CreatedOnToolsVersion = 8.2.1;
						ProvisioningStyle = Automatic;
						TestTargetID = 6F8162381E9732F10084B9A4;
					};
				};
			};
			buildConfigurationList = 6F8162341E9732F00084B9A4 /* Build configuration list for PBXProject "BLEMiblueTooth" */;
			compatibilityVersion = "Xcode 3.2";
			developmentRegion = English;
			hasScannedForEncodings = 0;
			knownRegions = (
				en,
				Base,
			);
			mainGroup = 6F8162301E9732F00084B9A4;
			productRefGroup = 6F81623A1E9732F10084B9A4 /* Products */;
			projectDirPath = "";
			projectRoot = "";
			targets = (
				6F8162381E9732F10084B9A4 /* BLEMiblueTooth */,
				6F81624F1E9732F10084B9A4 /* BLEMiblueToothTests */,
				6F81625A1E9732F10084B9A4 /* BLEMiblueToothUITests */,
			);
		};
/* End PBXProject section */

/* Begin PBXResourcesBuildPhase section */
		6F8162371E9732F10084B9A4 /* Resources */ = {
			isa = PBXResourcesBuildPhase;
			buildActionMask = 2147483647;
			files = (
				6F81624A1E9732F10084B9A4 /* LaunchScreen.storyboard in Resources */,
				6F8162471E9732F10084B9A4 /* Assets.xcassets in Resources */,
				6F8162421E9732F10084B9A4 /* Main.storyboard in Resources */,
			);
			runOnlyForDeploymentPostprocessing = 0;
		};
		6F81624E1E9732F10084B9A4 /* Resources */ = {
			isa = PBXResourcesBuildPhase;
			buildActionMask = 2147483647;
			files = (
			);
			runOnlyForDeploymentPostprocessing = 0;
		};
		6F8162591E9732F10084B9A4 /* Resources */ = {
			isa = PBXResourcesBuildPhase;
			buildActionMask = 2147483647;
			files = (
			);
			runOnlyForDeploymentPostprocessing = 0;
		};
/* End PBXResourcesBuildPhase section */

/* Begin PBXSourcesBuildPhase section */
		6F8162351E9732F10084B9A4 /* Sources */ = {
			isa = PBXSourcesBuildPhase;
			buildActionMask = 2147483647;
			files = (
				6F8162451E9732F10084B9A4 /* BLEMiblueTooth.xcdatamodeld in Sources */,
				6F81623F1E9732F10084B9A4 /* ViewController.swift in Sources */,
				6F81623D1E9732F10084B9A4 /* AppDelegate.swift in Sources */,
			);
			runOnlyForDeploymentPostprocessing = 0;
		};
		6F81624C1E9732F10084B9A4 /* Sources */ = {
			isa = PBXSourcesBuildPhase;
			buildActionMask = 2147483647;
			files = (
				6F8162551E9732F10084B9A4 /* BLEMiblueToothTests.swift in Sources */,
			);
			runOnlyForDeploymentPostprocessing = 0;
		};
		6F8162571E9732F10084B9A4 /* Sources */ = {
			isa = PBXSourcesBuildPhase;
			buildActionMask = 2147483647;
			files = (
				6F8162601E9732F10084B9A4 /* BLEMiblueToothUITests.swift in Sources */,
			);
			runOnlyForDeploymentPostprocessing = 0;
		};
/* End PBXSourcesBuildPhase section */

/* Begin PBXTargetDependency section */
		6F8162521E9732F10084B9A4 /* PBXTargetDependency */ = {
			isa = PBXTargetDependency;
			target = 6F8162381E9732F10084B9A4 /* BLEMiblueTooth */;
			targetProxy = 6F8162511E9732F10084B9A4 /* PBXContainerItemProxy */;
		};
		6F81625D1E9732F10084B9A4 /* PBXTargetDependency */ = {
			isa = PBXTargetDependency;
			target = 6F8162381E9732F10084B9A4 /* BLEMiblueTooth */;
			targetProxy = 6F81625C1E9732F10084B9A4 /* PBXContainerItemProxy */;
		};
/* End PBXTargetDependency section */

/* Begin PBXVariantGroup section */
		6F8162401E9732F10084B9A4 /* Main.storyboard */ = {
			isa = PBXVariantGroup;
			children = (
				6F8162411E9732F10084B9A4 /* Base */,
			);
			name = Main.storyboard;
			sourceTree = "<group>";
		};
		6F8162481E9732F10084B9A4 /* LaunchScreen.storyboard */ = {
			isa = PBXVariantGroup;
			children = (
				6F8162491E9732F10084B9A4 /* Base */,
			);
			name = LaunchScreen.storyboard;
			sourceTree = "<group>";
		};
/* End PBXVariantGroup section */

/* Begin XCBuildConfiguration section */
		6F8162621E9732F10084B9A4 /* Debug */ = {
			isa = XCBuildConfiguration;
			buildSettings = {
				ALWAYS_SEARCH_USER_PATHS = NO;
				CLANG_ANALYZER_NONNULL = YES;
				CLANG_CXX_LANGUAGE_STANDARD = "gnu++0x";
				CLANG_CXX_LIBRARY = "libc++";
				CLANG_ENABLE_MODULES = YES;
				CLANG_ENABLE_OBJC_ARC = YES;
				CLANG_WARN_BOOL_CONVERSION = YES;
				CLANG_WARN_CONSTANT_CONVERSION = YES;
				CLANG_WARN_DIRECT_OBJC_ISA_USAGE = YES_ERROR;
				CLANG_WARN_DOCUMENTATION_COMMENTS = YES;
				CLANG_WARN_EMPTY_BODY = YES;
				CLANG_WARN_ENUM_CONVERSION = YES;
				CLANG_WARN_INFINITE_RECURSION = YES;
				CLANG_WARN_INT_CONVERSION = YES;
				CLANG_WARN_OBJC_ROOT_CLASS = YES_ERROR;
				CLANG_WARN_SUSPICIOUS_MOVE = YES;
				CLANG_WARN_UNREACHABLE_CODE = YES;
				CLANG_WARN__DUPLICATE_METHOD_MATCH = YES;
				"CODE_SIGN_IDENTITY[sdk=iphoneos*]" = "iPhone Developer";
				COPY_PHASE_STRIP = NO;
				DEBUG_INFORMATION_FORMAT = dwarf;
				ENABLE_STRICT_OBJC_MSGSEND = YES;
				ENABLE_TESTABILITY = YES;
				GCC_C_LANGUAGE_STANDARD = gnu99;
				GCC_DYNAMIC_NO_PIC = NO;
				GCC_NO_COMMON_BLOCKS = YES;
				GCC_OPTIMIZATION_LEVEL = 0;
				GCC_PREPROCESSOR_DEFINITIONS = (
					"DEBUG=1",
					"$(inherited)",
				);
				GCC_WARN_64_TO_32_BIT_CONVERSION = YES;
				GCC_WARN_ABOUT_RETURN_TYPE = YES_ERROR;
				GCC_WARN_UNDECLARED_SELECTOR = YES;
				GCC_WARN_UNINITIALIZED_AUTOS = YES_AGGRESSIVE;
				GCC_WARN_UNUSED_FUNCTION = YES;
				GCC_WARN_UNUSED_VARIABLE = YES;
				IPHONEOS_DEPLOYMENT_TARGET = 10.2;
				MTL_ENABLE_DEBUG_INFO = YES;
				ONLY_ACTIVE_ARCH = YES;
				OTHER_LDFLAGS = (
					"-all_load",
					"-ObjC",
				);
				SDKROOT = iphoneos;
				SWIFT_ACTIVE_COMPILATION_CONDITIONS = DEBUG;
				SWIFT_OPTIMIZATION_LEVEL = "-Onone";
			};
			name = Debug;
		};
		6F8162631E9732F10084B9A4 /* Release */ = {
			isa = XCBuildConfiguration;
			buildSettings = {
				ALWAYS_SEARCH_USER_PATHS = NO;
				CLANG_ANALYZER_NONNULL = YES;
				CLANG_CXX_LANGUAGE_STANDARD = "gnu++0x";
				CLANG_CXX_LIBRARY = "libc++";
				CLANG_ENABLE_MODULES = YES;
				CLANG_ENABLE_OBJC_ARC = YES;
				CLANG_WARN_BOOL_CONVERSION = YES;
				CLANG_WARN_CONSTANT_CONVERSION = YES;
				CLANG_WARN_DIRECT_OBJC_ISA_USAGE = YES_ERROR;
				CLANG_WARN_DOCUMENTATION_COMMENTS = YES;
				CLANG_WARN_EMPTY_BODY = YES;
				CLANG_WARN_ENUM_CONVERSION = YES;
				CLANG_WARN_INFINITE_RECURSION = YES;
				CLANG_WARN_INT_CONVERSION = YES;
				CLANG_WARN_OBJC_ROOT_CLASS = YES_ERROR;
				CLANG_WARN_SUSPICIOUS_MOVE = YES;
				CLANG_WARN_UNREACHABLE_CODE = YES;
				CLANG_WARN__DUPLICATE_METHOD_MATCH = YES;
				"CODE_SIGN_IDENTITY[sdk=iphoneos*]" = "iPhone Developer";
				COPY_PHASE_STRIP = NO;
				DEBUG_INFORMATION_FORMAT = "dwarf-with-dsym";
				ENABLE_NS_ASSERTIONS = NO;
				ENABLE_STRICT_OBJC_MSGSEND = YES;
				GCC_C_LANGUAGE_STANDARD = gnu99;
				GCC_NO_COMMON_BLOCKS = YES;
				GCC_WARN_64_TO_32_BIT_CONVERSION = YES;
				GCC_WARN_ABOUT_RETURN_TYPE = YES_ERROR;
				GCC_WARN_UNDECLARED_SELECTOR = YES;
				GCC_WARN_UNINITIALIZED_AUTOS = YES_AGGRESSIVE;
				GCC_WARN_UNUSED_FUNCTION = YES;
				GCC_WARN_UNUSED_VARIABLE = YES;
				IPHONEOS_DEPLOYMENT_TARGET = 10.2;
				MTL_ENABLE_DEBUG_INFO = NO;
				OTHER_LDFLAGS = (
					"-all_load",
					"-ObjC",
				);
				SDKROOT = iphoneos;
				SWIFT_OPTIMIZATION_LEVEL = "-Owholemodule";
				VALIDATE_PRODUCT = YES;
			};
			name = Release;
		};
		6F8162651E9732F10084B9A4 /* Debug */ = {
			isa = XCBuildConfiguration;
			buildSettings = {
				ASSETCATALOG_COMPILER_APPICON_NAME = AppIcon;
				DEVELOPMENT_TEAM = X69H552D76;
				INFOPLIST_FILE = BLEMiblueTooth/Info.plist;
				LD_RUNPATH_SEARCH_PATHS = "$(inherited) @executable_path/Frameworks";
				OTHER_LDFLAGS = (
					"-all_load",
					"-ObjC",
				);
				PRODUCT_BUNDLE_IDENTIFIER = com.hemengjie.BLEMiblueTooth;
				PRODUCT_NAME = "$(TARGET_NAME)";
				SWIFT_VERSION = 3.0;
			};
			name = Debug;
		};
		6F8162661E9732F10084B9A4 /* Release */ = {
			isa = XCBuildConfiguration;
			buildSettings = {
				ASSETCATALOG_COMPILER_APPICON_NAME = AppIcon;
				DEVELOPMENT_TEAM = X69H552D76;
				INFOPLIST_FILE = BLEMiblueTooth/Info.plist;
				LD_RUNPATH_SEARCH_PATHS = "$(inherited) @executable_path/Frameworks";
				OTHER_LDFLAGS = (
					"-all_load",
					"-ObjC",
				);
				PRODUCT_BUNDLE_IDENTIFIER = com.hemengjie.BLEMiblueTooth;
				PRODUCT_NAME = "$(TARGET_NAME)";
				SWIFT_VERSION = 3.0;
			};
			name = Release;
		};
		6F8162681E9732F10084B9A4 /* Debug */ = {
			isa = XCBuildConfiguration;
			buildSettings = {
				ALWAYS_EMBED_SWIFT_STANDARD_LIBRARIES = YES;
				BUNDLE_LOADER = "$(TEST_HOST)";
				INFOPLIST_FILE = BLEMiblueToothTests/Info.plist;
				LD_RUNPATH_SEARCH_PATHS = "$(inherited) @executable_path/Frameworks @loader_path/Frameworks";
				PRODUCT_BUNDLE_IDENTIFIER = com.hemengjie.BLEMiblueToothTests;
				PRODUCT_NAME = "$(TARGET_NAME)";
				SWIFT_VERSION = 3.0;
				TEST_HOST = "$(BUILT_PRODUCTS_DIR)/BLEMiblueTooth.app/BLEMiblueTooth";
			};
			name = Debug;
		};
		6F8162691E9732F10084B9A4 /* Release */ = {
			isa = XCBuildConfiguration;
			buildSettings = {
				ALWAYS_EMBED_SWIFT_STANDARD_LIBRARIES = YES;
				BUNDLE_LOADER = "$(TEST_HOST)";
				INFOPLIST_FILE = BLEMiblueToothTests/Info.plist;
				LD_RUNPATH_SEARCH_PATHS = "$(inherited) @executable_path/Frameworks @loader_path/Frameworks";
				PRODUCT_BUNDLE_IDENTIFIER = com.hemengjie.BLEMiblueToothTests;
				PRODUCT_NAME = "$(TARGET_NAME)";
				SWIFT_VERSION = 3.0;
				TEST_HOST = "$(BUILT_PRODUCTS_DIR)/BLEMiblueTooth.app/BLEMiblueTooth";
			};
			name = Release;
		};
		6F81626B1E9732F10084B9A4 /* Debug */ = {
			isa = XCBuildConfiguration;
			buildSettings = {
				ALWAYS_EMBED_SWIFT_STANDARD_LIBRARIES = YES;
				INFOPLIST_FILE = BLEMiblueToothUITests/Info.plist;
				LD_RUNPATH_SEARCH_PATHS = "$(inherited) @executable_path/Frameworks @loader_path/Frameworks";
				PRODUCT_BUNDLE_IDENTIFIER = com.hemengjie.BLEMiblueToothUITests;
				PRODUCT_NAME = "$(TARGET_NAME)";
				SWIFT_VERSION = 3.0;
				TEST_TARGET_NAME = BLEMiblueTooth;
			};
			name = Debug;
		};
		6F81626C1E9732F10084B9A4 /* Release */ = {
			isa = XCBuildConfiguration;
			buildSettings = {
				ALWAYS_EMBED_SWIFT_STANDARD_LIBRARIES = YES;
				INFOPLIST_FILE = BLEMiblueToothUITests/Info.plist;
				LD_RUNPATH_SEARCH_PATHS = "$(inherited) @executable_path/Frameworks @loader_path/Frameworks";
				PRODUCT_BUNDLE_IDENTIFIER = com.hemengjie.BLEMiblueToothUITests;
				PRODUCT_NAME = "$(TARGET_NAME)";
				SWIFT_VERSION = 3.0;
				TEST_TARGET_NAME = BLEMiblueTooth;
			};
			name = Release;
		};
/* End XCBuildConfiguration section */

/* Begin XCConfigurationList section */
		6F8162341E9732F00084B9A4 /* Build configuration list for PBXProject "BLEMiblueTooth" */ = {
			isa = XCConfigurationList;
			buildConfigurations = (
				6F8162621E9732F10084B9A4 /* Debug */,
				6F8162631E9732F10084B9A4 /* Release */,
			);
			defaultConfigurationIsVisible = 0;
			defaultConfigurationName = Release;
		};
		6F8162641E9732F10084B9A4 /* Build configuration list for PBXNativeTarget "BLEMiblueTooth" */ = {
			isa = XCConfigurationList;
			buildConfigurations = (
				6F8162651E9732F10084B9A4 /* Debug */,
				6F8162661E9732F10084B9A4 /* Release */,
			);
			defaultConfigurationIsVisible = 0;
		};
		6F8162671E9732F10084B9A4 /* Build configuration list for PBXNativeTarget "BLEMiblueToothTests" */ = {
			isa = XCConfigurationList;
			buildConfigurations = (
				6F8162681E9732F10084B9A4 /* Debug */,
				6F8162691E9732F10084B9A4 /* Release */,
			);
			defaultConfigurationIsVisible = 0;
		};
		6F81626A1E9732F10084B9A4 /* Build configuration list for PBXNativeTarget "BLEMiblueToothUITests" */ = {
			isa = XCConfigurationList;
			buildConfigurations = (
				6F81626B1E9732F10084B9A4 /* Debug */,
				6F81626C1E9732F10084B9A4 /* Release */,
			);
			defaultConfigurationIsVisible = 0;
		};
/* End XCConfigurationList section */

/* Begin XCVersionGroup section */
		6F8162431E9732F10084B9A4 /* BLEMiblueTooth.xcdatamodeld */ = {
			isa = XCVersionGroup;
			children = (
				6F8162441E9732F10084B9A4 /* BLEMiblueTooth.xcdatamodel */,
			);
			currentVersion = 6F8162441E9732F10084B9A4 /* BLEMiblueTooth.xcdatamodel */;
			path = BLEMiblueTooth.xcdatamodeld;
			sourceTree = "<group>";
			versionGroupType = wrapper.xcdatamodel;
		};
/* End XCVersionGroup section */
	};
	rootObject = 6F8162311E9732F00084B9A4 /* Project object */;
}
